
Microsoft Visual Studio Solution File, Format Version 12.00
# Visual Studio Version 17
VisualStudioVersion = 17.2.32427.441
MinimumVisualStudioVersion = 10.0.40219.1
Project("{FAE04EC0-301F-11D3-BF4B-00C04F79EFBC}") = "PoolBoy.AzChlorineSchedulerFunc", "PoolBoy.AzChlorineSchedulerFunc.csproj", "{0E9EB415-A50D-427A-B920-DB2E4BDCCA92}"
EndProject
Global
	GlobalSection(SolutionConfigurationPlatforms) = preSolution
		Debug|Any CPU = Debug|Any CPU
		Release|Any CPU = Release|Any CPU
	EndGlobalSection
	GlobalSection(ProjectConfigurationPlatforms) = postSolution
		{0E9EB415-A50D-427A-B920-DB2E4BDCCA92}.Debug|Any CPU.ActiveCfg = Debug|Any CPU
		{0E9EB415-A50D-427A-B920-DB2E4BDCCA92}.Debug|Any CPU.Build.0 = Debug|Any CPU
		{0E9EB415-A50D-427A-B920-DB2E4BDCCA92}.Release|Any CPU.ActiveCfg = Release|Any CPU
		{0E9EB415-A50D-427A-B920-DB2E4BDCCA92}.Release|Any CPU.Build.0 = Release|Any CPU
	EndGlobalSection
	GlobalSection(SolutionProperties) = preSolution
		HideSolutionNode = FALSE
	EndGlobalSection
	GlobalSection(ExtensibilityGlobals) = postSolution
		SolutionGuid = {DEC606AB-94DC-43E7-98A9-C8880D49F7DD}
	EndGlobalSection
EndGlobal
